
Microsoft Visual Studio Solution File, Format Version 11.00
# Visual Studio 2010
Project("{8BC9CEB8-8B4A-11D0-8D11-00A0C91BC942}") = "gwServer", "gwServer\gwServer.vcxproj", "{6C2A6350-8454-48A8-9005-E2759AC1D7F9}"
EndProject
Project("{8BC9CEB8-8B4A-11D0-8D11-00A0C91BC942}") = "gwClient", "gwClient\gwClient.vcxproj", "{5DD40EC3-1EFB-4E5A-B47A-BEFC50D14A13}"
EndProject
Project("{8BC9CEB8-8B4A-11D0-8D11-00A0C91BC942}") = "tokenBucket", "tokenBucket\tokenBucket.vcxproj", "{60FBCED8-BC1E-4B6D-8DD3-1156C1E1849C}"
EndProject
Project("{8BC9CEB8-8B4A-11D0-8D11-00A0C91BC942}") = "tbClient", "tbClient\tbClient.vcxproj", "{94DF8971-1708-4EB2-A598-2CFA701B5DCB}"
EndProject
Project("{8BC9CEB8-8B4A-11D0-8D11-00A0C91BC942}") = "proxyServer", "proxyServer\proxyServer.vcxproj", "{7A82C8DA-AAB0-43FB-8D36-5D7C2F318982}"
EndProject
Project("{8BC9CEB8-8B4A-11D0-8D11-00A0C91BC942}") = "proxy", "proxy\proxy.vcxproj", "{5DEC1929-1912-4DAF-B7B6-9E3F9EC4163F}"
EndProject
Project("{8BC9CEB8-8B4A-11D0-8D11-00A0C91BC942}") = "proxyClient", "proxyClient\proxyClient.vcxproj", "{48BAA2D7-DC56-4D13-BBBD-895D77B875E5}"
EndProject
Project("{8BC9CEB8-8B4A-11D0-8D11-00A0C91BC942}") = "selectUT", "selectUT\selectUT.vcxproj", "{EAEA4913-727F-4E0E-ACFD-2F8AA3449F11}"
EndProject
Global
	GlobalSection(SolutionConfigurationPlatforms) = preSolution
		Debug|Win32 = Debug|Win32
		Release|Win32 = Release|Win32
	EndGlobalSection
	GlobalSection(ProjectConfigurationPlatforms) = postSolution
		{6C2A6350-8454-48A8-9005-E2759AC1D7F9}.Debug|Win32.ActiveCfg = Debug|Win32
		{6C2A6350-8454-48A8-9005-E2759AC1D7F9}.Debug|Win32.Build.0 = Debug|Win32
		{6C2A6350-8454-48A8-9005-E2759AC1D7F9}.Release|Win32.ActiveCfg = Release|Win32
		{6C2A6350-8454-48A8-9005-E2759AC1D7F9}.Release|Win32.Build.0 = Release|Win32
		{5DD40EC3-1EFB-4E5A-B47A-BEFC50D14A13}.Debug|Win32.ActiveCfg = Debug|Win32
		{5DD40EC3-1EFB-4E5A-B47A-BEFC50D14A13}.Debug|Win32.Build.0 = Debug|Win32
		{5DD40EC3-1EFB-4E5A-B47A-BEFC50D14A13}.Release|Win32.ActiveCfg = Release|Win32
		{5DD40EC3-1EFB-4E5A-B47A-BEFC50D14A13}.Release|Win32.Build.0 = Release|Win32
		{60FBCED8-BC1E-4B6D-8DD3-1156C1E1849C}.Debug|Win32.ActiveCfg = Debug|Win32
		{60FBCED8-BC1E-4B6D-8DD3-1156C1E1849C}.Debug|Win32.Build.0 = Debug|Win32
		{60FBCED8-BC1E-4B6D-8DD3-1156C1E1849C}.Release|Win32.ActiveCfg = Release|Win32
		{60FBCED8-BC1E-4B6D-8DD3-1156C1E1849C}.Release|Win32.Build.0 = Release|Win32
		{94DF8971-1708-4EB2-A598-2CFA701B5DCB}.Debug|Win32.ActiveCfg = Debug|Win32
		{94DF8971-1708-4EB2-A598-2CFA701B5DCB}.Debug|Win32.Build.0 = Debug|Win32
		{94DF8971-1708-4EB2-A598-2CFA701B5DCB}.Release|Win32.ActiveCfg = Release|Win32
		{94DF8971-1708-4EB2-A598-2CFA701B5DCB}.Release|Win32.Build.0 = Release|Win32
		{7A82C8DA-AAB0-43FB-8D36-5D7C2F318982}.Debug|Win32.ActiveCfg = Debug|Win32
		{7A82C8DA-AAB0-43FB-8D36-5D7C2F318982}.Debug|Win32.Build.0 = Debug|Win32
		{7A82C8DA-AAB0-43FB-8D36-5D7C2F318982}.Release|Win32.ActiveCfg = Release|Win32
		{7A82C8DA-AAB0-43FB-8D36-5D7C2F318982}.Release|Win32.Build.0 = Release|Win32
		{5DEC1929-1912-4DAF-B7B6-9E3F9EC4163F}.Debug|Win32.ActiveCfg = Debug|Win32
		{5DEC1929-1912-4DAF-B7B6-9E3F9EC4163F}.Debug|Win32.Build.0 = Debug|Win32
		{5DEC1929-1912-4DAF-B7B6-9E3F9EC4163F}.Release|Win32.ActiveCfg = Release|Win32
		{5DEC1929-1912-4DAF-B7B6-9E3F9EC4163F}.Release|Win32.Build.0 = Release|Win32
		{48BAA2D7-DC56-4D13-BBBD-895D77B875E5}.Debug|Win32.ActiveCfg = Debug|Win32
		{48BAA2D7-DC56-4D13-BBBD-895D77B875E5}.Debug|Win32.Build.0 = Debug|Win32
		{48BAA2D7-DC56-4D13-BBBD-895D77B875E5}.Release|Win32.ActiveCfg = Release|Win32
		{48BAA2D7-DC56-4D13-BBBD-895D77B875E5}.Release|Win32.Build.0 = Release|Win32
		{EAEA4913-727F-4E0E-ACFD-2F8AA3449F11}.Debug|Win32.ActiveCfg = Debug|Win32
		{EAEA4913-727F-4E0E-ACFD-2F8AA3449F11}.Debug|Win32.Build.0 = Debug|Win32
		{EAEA4913-727F-4E0E-ACFD-2F8AA3449F11}.Release|Win32.ActiveCfg = Release|Win32
		{EAEA4913-727F-4E0E-ACFD-2F8AA3449F11}.Release|Win32.Build.0 = Release|Win32
	EndGlobalSection
	GlobalSection(SolutionProperties) = preSolution
		HideSolutionNode = FALSE
	EndGlobalSection
EndGlobal
